// !$*UTF8*$!
{
	archiveVersion = 1;
	classes = {
	};
	objectVersion = 56;
	objects = {

/* Begin PBXBuildFile section */
		9A717CA52F1D1D9F005A27B7 /* UDTape.m in Sources */ = {isa = PBXBuildFile; fileRef = 9A717CA42F1D1D9F005A27B7 /* UDTape.m */; };
		9A717CA82F1D1E75005A27B7 /* UDTapeToken.m in Sources */ = {isa = PBXBuildFile; fileRef = 9A717CA72F1D1E75005A27B7 /* UDTapeToken.m */; };
		9A717CAB2F1D2085005A27B7 /* UDTapeWindowController.m in Sources */ = {isa = PBXBuildFile; fileRef = 9A717CAA2F1D2085005A27B7 /* UDTapeWindowController.m */; };
		9A717CAD2F1D20C8005A27B7 /* UDTapeWindow.xib in Resources */ = {isa = PBXBuildFile; fileRef = 9A717CAC2F1D20C8005A27B7 /* UDTapeWindow.xib */; };
		9A717CAF2F1D493A005A27B7 /* UDOpRegistry.m in Sources */ = {isa = PBXBuildFile; fileRef = 9A717CAE2F1D493A005A27B7 /* UDOpRegistry.m */; };
		9A7B94EE2F1BB18600ED7306 /* AppDelegate.m in Sources */ = {isa = PBXBuildFile; fileRef = 9A7B94ED2F1BB18600ED7306 /* AppDelegate.m */; };
		9A7B94F02F1BB18800ED7306 /* Assets.xcassets in Resources */ = {isa = PBXBuildFile; fileRef = 9A7B94EF2F1BB18800ED7306 /* Assets.xcassets */; };
		9A7B94F32F1BB18800ED7306 /* MainMenu.xib in Resources */ = {isa = PBXBuildFile; fileRef = 9A7B94F12F1BB18800ED7306 /* MainMenu.xib */; };
		9A7B94F52F1BB18800ED7306 /* main.m in Sources */ = {isa = PBXBuildFile; fileRef = 9A7B94F42F1BB18800ED7306 /* main.m */; };
		9A7B94FD2F1BE4FF00ED7306 /* UDCalc.m in Sources */ = {isa = PBXBuildFile; fileRef = 9A7B94FC2F1BE4FF00ED7306 /* UDCalc.m */; };
		9A7B95002F1BF69500ED7306 /* UDConversionWindowController.m in Sources */ = {isa = PBXBuildFile; fileRef = 9A7B94FF2F1BF69500ED7306 /* UDConversionWindowController.m */; };
		9A7B95032F1BF7CE00ED7306 /* ConversionWindow.xib in Resources */ = {isa = PBXBuildFile; fileRef = 9A7B95022F1BF7CE00ED7306 /* ConversionWindow.xib */; };
		9A7B95052F1C08E500ED7306 /* UDUnitConverter.m in Sources */ = {isa = PBXBuildFile; fileRef = 9A7B95042F1C08E500ED7306 /* UDUnitConverter.m */; };
		9A7B95082F1C0E0700ED7306 /* UDConversionHistoryManager.m in Sources */ = {isa = PBXBuildFile; fileRef = 9A7B95072F1C0E0700ED7306 /* UDConversionHistoryManager.m */; };
/* End PBXBuildFile section */

/* Begin PBXFileReference section */
		9A717CA32F1D1D44005A27B7 /* UDTape.h */ = {isa = PBXFileReference; lastKnownFileType = sourcecode.c.h; path = UDTape.h; sourceTree = "<group>"; };
		9A717CA42F1D1D9F005A27B7 /* UDTape.m */ = {isa = PBXFileReference; lastKnownFileType = sourcecode.c.objc; path = UDTape.m; sourceTree = "<group>"; };
		9A717CA62F1D1E61005A27B7 /* UDTapeToken.h */ = {isa = PBXFileReference; lastKnownFileType = sourcecode.c.h; path = UDTapeToken.h; sourceTree = "<group>"; };
		9A717CA72F1D1E75005A27B7 /* UDTapeToken.m */ = {isa = PBXFileReference; lastKnownFileType = sourcecode.c.objc; path = UDTapeToken.m; sourceTree = "<group>"; };
		9A717CA92F1D2062005A27B7 /* UDTapeWindowController.h */ = {isa = PBXFileReference; lastKnownFileType = sourcecode.c.h; path = UDTapeWindowController.h; sourceTree = "<group>"; };
		9A717CAA2F1D2085005A27B7 /* UDTapeWindowController.m */ = {isa = PBXFileReference; lastKnownFileType = sourcecode.c.objc; path = UDTapeWindowController.m; sourceTree = "<group>"; };
		9A717CAC2F1D20C8005A27B7 /* UDTapeWindow.xib */ = {isa = PBXFileReference; lastKnownFileType = file.xib; path = UDTapeWindow.xib; sourceTree = "<group>"; };
		9A717CAE2F1D493A005A27B7 /* UDOpRegistry.m */ = {isa = PBXFileReference; lastKnownFileType = sourcecode.c.objc; path = UDOpRegistry.m; sourceTree = "<group>"; };
		9A717CB02F1D4954005A27B7 /* UDOpRegistry.h */ = {isa = PBXFileReference; lastKnownFileType = sourcecode.c.h; path = UDOpRegistry.h; sourceTree = "<group>"; };
		9A7B94E92F1BB18600ED7306 /* Calculator.app */ = {isa = PBXFileReference; explicitFileType = wrapper.application; includeInIndex = 0; path = Calculator.app; sourceTree = BUILT_PRODUCTS_DIR; };
		9A7B94EC2F1BB18600ED7306 /* AppDelegate.h */ = {isa = PBXFileReference; lastKnownFileType = sourcecode.c.h; path = AppDelegate.h; sourceTree = "<group>"; };
		9A7B94ED2F1BB18600ED7306 /* AppDelegate.m */ = {isa = PBXFileReference; lastKnownFileType = sourcecode.c.objc; path = AppDelegate.m; sourceTree = "<group>"; };
		9A7B94EF2F1BB18800ED7306 /* Assets.xcassets */ = {isa = PBXFileReference; lastKnownFileType = folder.assetcatalog; path = Assets.xcassets; sourceTree = "<group>"; };
		9A7B94F22F1BB18800ED7306 /* Base */ = {isa = PBXFileReference; lastKnownFileType = file.xib; name = Base; path = Base.lproj/MainMenu.xib; sourceTree = "<group>"; };
		9A7B94F42F1BB18800ED7306 /* main.m */ = {isa = PBXFileReference; lastKnownFileType = sourcecode.c.objc; path = main.m; sourceTree = "<group>"; };
		9A7B94F62F1BB18800ED7306 /* Calculator.entitlements */ = {isa = PBXFileReference; lastKnownFileType = text.plist.entitlements; path = Calculator.entitlements; sourceTree = "<group>"; };
		9A7B94FC2F1BE4FF00ED7306 /* UDCalc.m */ = {isa = PBXFileReference; lastKnownFileType = sourcecode.c.objc; path = UDCalc.m; sourceTree = "<group>"; };
		9A7B94FE2F1BE51100ED7306 /* UDCalc.h */ = {isa = PBXFileReference; lastKnownFileType = sourcecode.c.h; path = UDCalc.h; sourceTree = "<group>"; };
		9A7B94FF2F1BF69500ED7306 /* UDConversionWindowController.m */ = {isa = PBXFileReference; lastKnownFileType = sourcecode.c.objc; path = UDConversionWindowController.m; sourceTree = "<group>"; };
		9A7B95012F1BF6A700ED7306 /* UDConversionWindowController.h */ = {isa = PBXFileReference; lastKnownFileType = sourcecode.c.h; path = UDConversionWindowController.h; sourceTree = "<group>"; };
		9A7B95022F1BF7CE00ED7306 /* ConversionWindow.xib */ = {isa = PBXFileReference; lastKnownFileType = file.xib; path = ConversionWindow.xib; sourceTree = "<group>"; };
		9A7B95042F1C08E500ED7306 /* UDUnitConverter.m */ = {isa = PBXFileReference; lastKnownFileType = sourcecode.c.objc; path = UDUnitConverter.m; sourceTree = "<group>"; };
		9A7B95062F1C091D00ED7306 /* UDUnitConverter.h */ = {isa = PBXFileReference; lastKnownFileType = sourcecode.c.h; path = UDUnitConverter.h; sourceTree = "<group>"; };
		9A7B95072F1C0E0700ED7306 /* UDConversionHistoryManager.m */ = {isa = PBXFileReference; lastKnownFileType = sourcecode.c.objc; path = UDConversionHistoryManager.m; sourceTree = "<group>"; };
		9A7B95092F1C0E1A00ED7306 /* UDConversionHistoryManager.h */ = {isa = PBXFileReference; lastKnownFileType = sourcecode.c.h; path = UDConversionHistoryManager.h; sourceTree = "<group>"; };
/* End PBXFileReference section */

/* Begin PBXFrameworksBuildPhase section */
		9A7B94E62F1BB18600ED7306 /* Frameworks */ = {
			isa = PBXFrameworksBuildPhase;
			buildActionMask = 2147483647;
			files = (
			);
			runOnlyForDeploymentPostprocessing = 0;
		};
/* End PBXFrameworksBuildPhase section */

/* Begin PBXGroup section */
		9A7B94E02F1BB18600ED7306 = {
			isa = PBXGroup;
			children = (
				9A7B94EB2F1BB18600ED7306 /* Calculator */,
				9A7B94EA2F1BB18600ED7306 /* Products */,
			);
			sourceTree = "<group>";
		};
		9A7B94EA2F1BB18600ED7306 /* Products */ = {
			isa = PBXGroup;
			children = (
				9A7B94E92F1BB18600ED7306 /* Calculator.app */,
			);
			name = Products;
			sourceTree = "<group>";
		};
		9A7B94EB2F1BB18600ED7306 /* Calculator */ = {
			isa = PBXGroup;
			children = (
				9A7B94EC2F1BB18600ED7306 /* AppDelegate.h */,
				9A7B94ED2F1BB18600ED7306 /* AppDelegate.m */,
				9A7B94EF2F1BB18800ED7306 /* Assets.xcassets */,
				9A7B94F12F1BB18800ED7306 /* MainMenu.xib */,
				9A7B94F42F1BB18800ED7306 /* main.m */,
				9A7B94F62F1BB18800ED7306 /* Calculator.entitlements */,
				9A7B94FC2F1BE4FF00ED7306 /* UDCalc.m */,
				9A7B94FE2F1BE51100ED7306 /* UDCalc.h */,
				9A7B94FF2F1BF69500ED7306 /* UDConversionWindowController.m */,
				9A7B95012F1BF6A700ED7306 /* UDConversionWindowController.h */,
				9A7B95022F1BF7CE00ED7306 /* ConversionWindow.xib */,
				9A7B95042F1C08E500ED7306 /* UDUnitConverter.m */,
				9A7B95062F1C091D00ED7306 /* UDUnitConverter.h */,
				9A7B95072F1C0E0700ED7306 /* UDConversionHistoryManager.m */,
				9A7B95092F1C0E1A00ED7306 /* UDConversionHistoryManager.h */,
				9A717CA32F1D1D44005A27B7 /* UDTape.h */,
				9A717CA42F1D1D9F005A27B7 /* UDTape.m */,
				9A717CA62F1D1E61005A27B7 /* UDTapeToken.h */,
				9A717CA72F1D1E75005A27B7 /* UDTapeToken.m */,
				9A717CA92F1D2062005A27B7 /* UDTapeWindowController.h */,
				9A717CAA2F1D2085005A27B7 /* UDTapeWindowController.m */,
				9A717CAC2F1D20C8005A27B7 /* UDTapeWindow.xib */,
				9A717CAE2F1D493A005A27B7 /* UDOpRegistry.m */,
				9A717CB02F1D4954005A27B7 /* UDOpRegistry.h */,
			);
			path = Calculator;
			sourceTree = "<group>";
		};
/* End PBXGroup section */

/* Begin PBXNativeTarget section */
		9A7B94E82F1BB18600ED7306 /* Calculator */ = {
			isa = PBXNativeTarget;
			buildConfigurationList = 9A7B94F92F1BB18800ED7306 /* Build configuration list for PBXNativeTarget "Calculator" */;
			buildPhases = (
				9A7B94E52F1BB18600ED7306 /* Sources */,
				9A7B94E62F1BB18600ED7306 /* Frameworks */,
				9A7B94E72F1BB18600ED7306 /* Resources */,
			);
			buildRules = (
			);
			dependencies = (
			);
			name = Calculator;
			productName = Calculator;
			productReference = 9A7B94E92F1BB18600ED7306 /* Calculator.app */;
			productType = "com.apple.product-type.application";
		};
/* End PBXNativeTarget section */

/* Begin PBXProject section */
		9A7B94E12F1BB18600ED7306 /* Project object */ = {
			isa = PBXProject;
			attributes = {
				BuildIndependentTargetsInParallel = 1;
				LastUpgradeCheck = 1420;
				TargetAttributes = {
					9A7B94E82F1BB18600ED7306 = {
						CreatedOnToolsVersion = 14.2;
					};
				};
			};
			buildConfigurationList = 9A7B94E42F1BB18600ED7306 /* Build configuration list for PBXProject "Calculator" */;
			compatibilityVersion = "Xcode 14.0";
			developmentRegion = en;
			hasScannedForEncodings = 0;
			knownRegions = (
				en,
				Base,
			);
			mainGroup = 9A7B94E02F1BB18600ED7306;
			productRefGroup = 9A7B94EA2F1BB18600ED7306 /* Products */;
			projectDirPath = "";
			projectRoot = "";
			targets = (
				9A7B94E82F1BB18600ED7306 /* Calculator */,
			);
		};
/* End PBXProject section */

/* Begin PBXResourcesBuildPhase section */
		9A7B94E72F1BB18600ED7306 /* Resources */ = {
			isa = PBXResourcesBuildPhase;
			buildActionMask = 2147483647;
			files = (
				9A717CAD2F1D20C8005A27B7 /* UDTapeWindow.xib in Resources */,
				9A7B94F02F1BB18800ED7306 /* Assets.xcassets in Resources */,
				9A7B94F32F1BB18800ED7306 /* MainMenu.xib in Resources */,
				9A7B95032F1BF7CE00ED7306 /* ConversionWindow.xib in Resources */,
			);
			runOnlyForDeploymentPostprocessing = 0;
		};
/* End PBXResourcesBuildPhase section */

/* Begin PBXSourcesBuildPhase section */
		9A7B94E52F1BB18600ED7306 /* Sources */ = {
			isa = PBXSourcesBuildPhase;
			buildActionMask = 2147483647;
			files = (
				9A717CAF2F1D493A005A27B7 /* UDOpRegistry.m in Sources */,
				9A7B94F52F1BB18800ED7306 /* main.m in Sources */,
				9A7B95002F1BF69500ED7306 /* UDConversionWindowController.m in Sources */,
				9A717CAB2F1D2085005A27B7 /* UDTapeWindowController.m in Sources */,
				9A7B94EE2F1BB18600ED7306 /* AppDelegate.m in Sources */,
				9A7B95052F1C08E500ED7306 /* UDUnitConverter.m in Sources */,
				9A717CA82F1D1E75005A27B7 /* UDTapeToken.m in Sources */,
				9A717CA52F1D1D9F005A27B7 /* UDTape.m in Sources */,
				9A7B94FD2F1BE4FF00ED7306 /* UDCalc.m in Sources */,
				9A7B95082F1C0E0700ED7306 /* UDConversionHistoryManager.m in Sources */,
			);
			runOnlyForDeploymentPostprocessing = 0;
		};
/* End PBXSourcesBuildPhase section */

/* Begin PBXVariantGroup section */
		9A7B94F12F1BB18800ED7306 /* MainMenu.xib */ = {
			isa = PBXVariantGroup;
			children = (
				9A7B94F22F1BB18800ED7306 /* Base */,
			);
			name = MainMenu.xib;
			sourceTree = "<group>";
		};
/* End PBXVariantGroup section */

/* Begin XCBuildConfiguration section */
		9A7B94F72F1BB18800ED7306 /* Debug */ = {
			isa = XCBuildConfiguration;
			buildSettings = {
				ALWAYS_SEARCH_USER_PATHS = NO;
				CLANG_ANALYZER_NONNULL = YES;
				CLANG_ANALYZER_NUMBER_OBJECT_CONVERSION = YES_AGGRESSIVE;
				CLANG_CXX_LANGUAGE_STANDARD = "gnu++20";
				CLANG_ENABLE_MODULES = YES;
				CLANG_ENABLE_OBJC_ARC = YES;
				CLANG_ENABLE_OBJC_WEAK = YES;
				CLANG_WARN_BLOCK_CAPTURE_AUTORELEASING = YES;
				CLANG_WARN_BOOL_CONVERSION = YES;
				CLANG_WARN_COMMA = YES;
				CLANG_WARN_CONSTANT_CONVERSION = YES;
				CLANG_WARN_DEPRECATED_OBJC_IMPLEMENTATIONS = YES;
				CLANG_WARN_DIRECT_OBJC_ISA_USAGE = YES_ERROR;
				CLANG_WARN_DOCUMENTATION_COMMENTS = YES;
				CLANG_WARN_EMPTY_BODY = YES;
				CLANG_WARN_ENUM_CONVERSION = YES;
				CLANG_WARN_INFINITE_RECURSION = YES;
				CLANG_WARN_INT_CONVERSION = YES;
				CLANG_WARN_NON_LITERAL_NULL_CONVERSION = YES;
				CLANG_WARN_OBJC_IMPLICIT_RETAIN_SELF = YES;
				CLANG_WARN_OBJC_LITERAL_CONVERSION = YES;
				CLANG_WARN_OBJC_ROOT_CLASS = YES_ERROR;
				CLANG_WARN_QUOTED_INCLUDE_IN_FRAMEWORK_HEADER = YES;
				CLANG_WARN_RANGE_LOOP_ANALYSIS = YES;
				CLANG_WARN_STRICT_PROTOTYPES = YES;
				CLANG_WARN_SUSPICIOUS_MOVE = YES;
				CLANG_WARN_UNGUARDED_AVAILABILITY = YES_AGGRESSIVE;
				CLANG_WARN_UNREACHABLE_CODE = YES;
				CLANG_WARN__DUPLICATE_METHOD_MATCH = YES;
				COPY_PHASE_STRIP = NO;
				DEBUG_INFORMATION_FORMAT = dwarf;
				ENABLE_STRICT_OBJC_MSGSEND = YES;
				ENABLE_TESTABILITY = YES;
				GCC_C_LANGUAGE_STANDARD = gnu11;
				GCC_DYNAMIC_NO_PIC = NO;
				GCC_NO_COMMON_BLOCKS = YES;
				GCC_OPTIMIZATION_LEVEL = 0;
				GCC_PREPROCESSOR_DEFINITIONS = (
					"DEBUG=1",
					"$(inherited)",
				);
				GCC_WARN_64_TO_32_BIT_CONVERSION = YES;
				GCC_WARN_ABOUT_RETURN_TYPE = YES_ERROR;
				GCC_WARN_UNDECLARED_SELECTOR = YES;
				GCC_WARN_UNINITIALIZED_AUTOS = YES_AGGRESSIVE;
				GCC_WARN_UNUSED_FUNCTION = YES;
				GCC_WARN_UNUSED_VARIABLE = YES;
				MACOSX_DEPLOYMENT_TARGET = 12.7;
				MTL_ENABLE_DEBUG_INFO = INCLUDE_SOURCE;
				MTL_FAST_MATH = YES;
				ONLY_ACTIVE_ARCH = YES;
				SDKROOT = macosx;
			};
			name = Debug;
		};
		9A7B94F82F1BB18800ED7306 /* Release */ = {
			isa = XCBuildConfiguration;
			buildSettings = {
				ALWAYS_SEARCH_USER_PATHS = NO;
				CLANG_ANALYZER_NONNULL = YES;
				CLANG_ANALYZER_NUMBER_OBJECT_CONVERSION = YES_AGGRESSIVE;
				CLANG_CXX_LANGUAGE_STANDARD = "gnu++20";
				CLANG_ENABLE_MODULES = YES;
				CLANG_ENABLE_OBJC_ARC = YES;
				CLANG_ENABLE_OBJC_WEAK = YES;
				CLANG_WARN_BLOCK_CAPTURE_AUTORELEASING = YES;
				CLANG_WARN_BOOL_CONVERSION = YES;
				CLANG_WARN_COMMA = YES;
				CLANG_WARN_CONSTANT_CONVERSION = YES;
				CLANG_WARN_DEPRECATED_OBJC_IMPLEMENTATIONS = YES;
				CLANG_WARN_DIRECT_OBJC_ISA_USAGE = YES_ERROR;
				CLANG_WARN_DOCUMENTATION_COMMENTS = YES;
				CLANG_WARN_EMPTY_BODY = YES;
				CLANG_WARN_ENUM_CONVERSION = YES;
				CLANG_WARN_INFINITE_RECURSION = YES;
				CLANG_WARN_INT_CONVERSION = YES;
				CLANG_WARN_NON_LITERAL_NULL_CONVERSION = YES;
				CLANG_WARN_OBJC_IMPLICIT_RETAIN_SELF = YES;
				CLANG_WARN_OBJC_LITERAL_CONVERSION = YES;
				CLANG_WARN_OBJC_ROOT_CLASS = YES_ERROR;
				CLANG_WARN_QUOTED_INCLUDE_IN_FRAMEWORK_HEADER = YES;
				CLANG_WARN_RANGE_LOOP_ANALYSIS = YES;
				CLANG_WARN_STRICT_PROTOTYPES = YES;
				CLANG_WARN_SUSPICIOUS_MOVE = YES;
				CLANG_WARN_UNGUARDED_AVAILABILITY = YES_AGGRESSIVE;
				CLANG_WARN_UNREACHABLE_CODE = YES;
				CLANG_WARN__DUPLICATE_METHOD_MATCH = YES;
				COPY_PHASE_STRIP = NO;
				DEBUG_INFORMATION_FORMAT = "dwarf-with-dsym";
				ENABLE_NS_ASSERTIONS = NO;
				ENABLE_STRICT_OBJC_MSGSEND = YES;
				GCC_C_LANGUAGE_STANDARD = gnu11;
				GCC_NO_COMMON_BLOCKS = YES;
				GCC_WARN_64_TO_32_BIT_CONVERSION = YES;
				GCC_WARN_ABOUT_RETURN_TYPE = YES_ERROR;
				GCC_WARN_UNDECLARED_SELECTOR = YES;
				GCC_WARN_UNINITIALIZED_AUTOS = YES_AGGRESSIVE;
				GCC_WARN_UNUSED_FUNCTION = YES;
				GCC_WARN_UNUSED_VARIABLE = YES;
				MACOSX_DEPLOYMENT_TARGET = 12.7;
				MTL_ENABLE_DEBUG_INFO = NO;
				MTL_FAST_MATH = YES;
				SDKROOT = macosx;
			};
			name = Release;
		};
		9A7B94FA2F1BB18800ED7306 /* Debug */ = {
			isa = XCBuildConfiguration;
			buildSettings = {
				ASSETCATALOG_COMPILER_APPICON_NAME = AppIcon;
				ASSETCATALOG_COMPILER_GLOBAL_ACCENT_COLOR_NAME = AccentColor;
				CODE_SIGN_ENTITLEMENTS = Calculator/Calculator.entitlements;
				CODE_SIGN_STYLE = Automatic;
				COMBINE_HIDPI_IMAGES = YES;
				CURRENT_PROJECT_VERSION = 1;
				DEVELOPMENT_TEAM = H5GRGUR75L;
				ENABLE_HARDENED_RUNTIME = YES;
				GENERATE_INFOPLIST_FILE = YES;
				INFOPLIST_KEY_NSHumanReadableCopyright = "";
				INFOPLIST_KEY_NSMainNibFile = MainMenu;
				INFOPLIST_KEY_NSPrincipalClass = NSApplication;
				LD_RUNPATH_SEARCH_PATHS = (
					"$(inherited)",
					"@executable_path/../Frameworks",
				);
				MARKETING_VERSION = 1.0;
				PRODUCT_BUNDLE_IDENTIFIER = org.underivable.Calculator;
				PRODUCT_NAME = "$(TARGET_NAME)";
				SWIFT_EMIT_LOC_STRINGS = YES;
			};
			name = Debug;
		};
		9A7B94FB2F1BB18800ED7306 /* Release */ = {
			isa = XCBuildConfiguration;
			buildSettings = {
				ASSETCATALOG_COMPILER_APPICON_NAME = AppIcon;
				ASSETCATALOG_COMPILER_GLOBAL_ACCENT_COLOR_NAME = AccentColor;
				CODE_SIGN_ENTITLEMENTS = Calculator/Calculator.entitlements;
				CODE_SIGN_STYLE = Automatic;
				COMBINE_HIDPI_IMAGES = YES;
				CURRENT_PROJECT_VERSION = 1;
				DEVELOPMENT_TEAM = H5GRGUR75L;
				ENABLE_HARDENED_RUNTIME = YES;
				GENERATE_INFOPLIST_FILE = YES;
				INFOPLIST_KEY_NSHumanReadableCopyright = "";
				INFOPLIST_KEY_NSMainNibFile = MainMenu;
				INFOPLIST_KEY_NSPrincipalClass = NSApplication;
				LD_RUNPATH_SEARCH_PATHS = (
					"$(inherited)",
					"@executable_path/../Frameworks",
				);
				MARKETING_VERSION = 1.0;
				PRODUCT_BUNDLE_IDENTIFIER = org.underivable.Calculator;
				PRODUCT_NAME = "$(TARGET_NAME)";
				SWIFT_EMIT_LOC_STRINGS = YES;
			};
			name = Release;
		};
/* End XCBuildConfiguration section */

/* Begin XCConfigurationList section */
		9A7B94E42F1BB18600ED7306 /* Build configuration list for PBXProject "Calculator" */ = {
			isa = XCConfigurationList;
			buildConfigurations = (
				9A7B94F72F1BB18800ED7306 /* Debug */,
				9A7B94F82F1BB18800ED7306 /* Release */,
			);
			defaultConfigurationIsVisible = 0;
			defaultConfigurationName = Release;
		};
		9A7B94F92F1BB18800ED7306 /* Build configuration list for PBXNativeTarget "Calculator" */ = {
			isa = XCConfigurationList;
			buildConfigurations = (
				9A7B94FA2F1BB18800ED7306 /* Debug */,
				9A7B94FB2F1BB18800ED7306 /* Release */,
			);
			defaultConfigurationIsVisible = 0;
			defaultConfigurationName = Release;
		};
/* End XCConfigurationList section */
	};
	rootObject = 9A7B94E12F1BB18600ED7306 /* Project object */;
}
